
Microsoft Visual Studio Solution File, Format Version 12.00
# Visual Studio 15
VisualStudioVersion = 15.0.28307.421
MinimumVisualStudioVersion = 10.0.40219.1
Project("{FAE04EC0-301F-11D3-BF4B-00C04F79EFBC}") = "Screenshot-of-the-form", "Screenshot-of-the-form\Screenshot-of-the-form.csproj", "{E566728A-1FF9-4A4D-B51F-4A995E26846C}"
EndProject
Global
	GlobalSection(SolutionConfigurationPlatforms) = preSolution
		Debug|Any CPU = Debug|Any CPU
		Release|Any CPU = Release|Any CPU
	EndGlobalSection
	GlobalSection(ProjectConfigurationPlatforms) = postSolution
		{E566728A-1FF9-4A4D-B51F-4A995E26846C}.Debug|Any CPU.ActiveCfg = Debug|Any CPU
		{E566728A-1FF9-4A4D-B51F-4A995E26846C}.Debug|Any CPU.Build.0 = Debug|Any CPU
		{E566728A-1FF9-4A4D-B51F-4A995E26846C}.Release|Any CPU.ActiveCfg = Release|Any CPU
		{E566728A-1FF9-4A4D-B51F-4A995E26846C}.Release|Any CPU.Build.0 = Release|Any CPU
	EndGlobalSection
	GlobalSection(SolutionProperties) = preSolution
		HideSolutionNode = FALSE
	EndGlobalSection
	GlobalSection(ExtensibilityGlobals) = postSolution
		SolutionGuid = {7AE13CD5-44F6-4D27-858E-80B48B8F39C1}
	EndGlobalSection
EndGlobal
